{
  "name": "typescript-vscode-sh-plugin",
  "version": "0.7.3",
  "lockfileVersion": 1,
  "requires": true,
  "dependencies": {
    "@types/node": {
      "version": "12.12.24",
      "resolved": "https://registry.npmjs.org/@types/node/-/node-12.12.24.tgz",
      "integrity": "sha512-1Ciqv9pqwVtW6FsIUKSZNB82E5Cu1I2bBTj1xuIHXLe/1zYLl3956Nbhg2MzSYHVfl9/rmanjbQIb7LibfCnug==",
      "dev": true
    },
    "typescript": {
      "version": "3.7.4",
      "resolved": "https://registry.npmjs.org/typescript/-/typescript-3.7.4.tgz",
      "integrity": "sha512-A25xv5XCtarLwXpcDNZzCGvW2D1S3/bACratYBx2sax8PefsFhlYmkQicKHvpYflFS8if4zne5zT5kpJ7pzuvw==",
      "dev": true
    }
  }
}
